// !$*UTF8*$!
{
	archiveVersion = 1;
	classes = {
	};
	objectVersion = 77;
	objects = {

/* Begin PBXBuildFile section */
		930154902D684E2300913A64 /* TrendingRepositoriesListViewModel.swift in Sources */ = {isa = PBXBuildFile; fileRef = 9301548F2D684E2300913A64 /* TrendingRepositoriesListViewModel.swift */; };
		930154932D684F7400913A64 /* Observable.swift in Sources */ = {isa = PBXBuildFile; fileRef = 930154922D684F7400913A64 /* Observable.swift */; };
		930154952D68548B00913A64 /* TrendingRepositoriesListContentViewModel.swift in Sources */ = {isa = PBXBuildFile; fileRef = 930154942D68548B00913A64 /* TrendingRepositoriesListContentViewModel.swift */; };
		930154972D6854C900913A64 /* TrendingRepositoriesListItemViewModel.swift in Sources */ = {isa = PBXBuildFile; fileRef = 930154962D6854C900913A64 /* TrendingRepositoriesListItemViewModel.swift */; };
		930F89172D649E1B006187EE /* NetworkConfig.swift in Sources */ = {isa = PBXBuildFile; fileRef = 930F89162D649E1B006187EE /* NetworkConfig.swift */; };
		930F89192D64A22A006187EE /* DataTransferServiceImpl.swift in Sources */ = {isa = PBXBuildFile; fileRef = 930F89182D64A22A006187EE /* DataTransferServiceImpl.swift */; };
		930F89202D64A6FF006187EE /* RepositoryTask.swift in Sources */ = {isa = PBXBuildFile; fileRef = 930F891F2D64A6FF006187EE /* RepositoryTask.swift */; };
		930F89232D64A7D1006187EE /* TrendingRepositoriesStorage.swift in Sources */ = {isa = PBXBuildFile; fileRef = 930F89222D64A7D1006187EE /* TrendingRepositoriesStorage.swift */; };
		930F89292D64A8E5006187EE /* TrendingRepositoriesRequestQuery.swift in Sources */ = {isa = PBXBuildFile; fileRef = 930F89282D64A8E5006187EE /* TrendingRepositoriesRequestQuery.swift */; };
		930F892B2D64A91B006187EE /* TrendingRepositoriesPageDto.swift in Sources */ = {isa = PBXBuildFile; fileRef = 930F892A2D64A91B006187EE /* TrendingRepositoriesPageDto.swift */; };
		930F892D2D64A94F006187EE /* RepositoryDto.swift in Sources */ = {isa = PBXBuildFile; fileRef = 930F892C2D64A94F006187EE /* RepositoryDto.swift */; };
		930F892F2D64A961006187EE /* OwnerDto.swift in Sources */ = {isa = PBXBuildFile; fileRef = 930F892E2D64A961006187EE /* OwnerDto.swift */; };
		930F89312D64AC29006187EE /* APIEndpoints.swift in Sources */ = {isa = PBXBuildFile; fileRef = 930F89302D64AC29006187EE /* APIEndpoints.swift */; };
		930F89332D64AC92006187EE /* ImagesRepositoryImpl.swift in Sources */ = {isa = PBXBuildFile; fileRef = 930F89322D64AC92006187EE /* ImagesRepositoryImpl.swift */; };
		930F89362D64AD64006187EE /* ImagesStorage.swift in Sources */ = {isa = PBXBuildFile; fileRef = 930F89352D64AD64006187EE /* ImagesStorage.swift */; };
		930F89382D64ADFD006187EE /* ImagesRequestQuery.swift in Sources */ = {isa = PBXBuildFile; fileRef = 930F89372D64ADFD006187EE /* ImagesRequestQuery.swift */; };
		930F893B2D64AF7F006187EE /* CoreDataTrendingRepositoriesStorage.swift in Sources */ = {isa = PBXBuildFile; fileRef = 930F893A2D64AF7F006187EE /* CoreDataTrendingRepositoriesStorage.swift */; };
		930F893E2D64B031006187EE /* CoreDataStorage.swift in Sources */ = {isa = PBXBuildFile; fileRef = 930F893D2D64B031006187EE /* CoreDataStorage.swift */; };
		930F89412D64B1D2006187EE /* CoreDataStorage.xcdatamodeld in Sources */ = {isa = PBXBuildFile; fileRef = 930F893F2D64B1D2006187EE /* CoreDataStorage.xcdatamodeld */; };
		930F89432D64B4AD006187EE /* CoreDataImagesStorage.swift in Sources */ = {isa = PBXBuildFile; fileRef = 930F89422D64B4AD006187EE /* CoreDataImagesStorage.swift */; };
		9361E5702D632EC200A9312F /* AppDelegate.swift in Sources */ = {isa = PBXBuildFile; fileRef = 9361E5662D632EC200A9312F /* AppDelegate.swift */; };
		9361E5712D632EC200A9312F /* SceneDelegate.swift in Sources */ = {isa = PBXBuildFile; fileRef = 9361E56D2D632EC200A9312F /* SceneDelegate.swift */; };
		9361E5722D632EC200A9312F /* ViewController.swift in Sources */ = {isa = PBXBuildFile; fileRef = 9361E56E2D632EC200A9312F /* ViewController.swift */; };
		9361E5732D632EC200A9312F /* Assets.xcassets in Resources */ = {isa = PBXBuildFile; fileRef = 9361E5672D632EC200A9312F /* Assets.xcassets */; };
		9361E5752D632EC200A9312F /* LaunchScreen.storyboard in Resources */ = {isa = PBXBuildFile; fileRef = 9361E56A2D632EC200A9312F /* LaunchScreen.storyboard */; };
		9361E57A2D632F5F00A9312F /* Owner.swift in Sources */ = {isa = PBXBuildFile; fileRef = 9361E5792D632F5F00A9312F /* Owner.swift */; };
		9361E57C2D632F8600A9312F /* Repository.swift in Sources */ = {isa = PBXBuildFile; fileRef = 9361E57B2D632F8600A9312F /* Repository.swift */; };
		9361E57E2D632FA800A9312F /* TrendingRepositoriesPage.swift in Sources */ = {isa = PBXBuildFile; fileRef = 9361E57D2D632FA800A9312F /* TrendingRepositoriesPage.swift */; };
		9361E5812D6330E800A9312F /* FetchTrendingRepositoriesUseCase.swift in Sources */ = {isa = PBXBuildFile; fileRef = 9361E5802D6330E800A9312F /* FetchTrendingRepositoriesUseCase.swift */; };
		9361E5842D63311B00A9312F /* Cancellable.swift in Sources */ = {isa = PBXBuildFile; fileRef = 9361E5832D63311B00A9312F /* Cancellable.swift */; };
		9361E5872D6333F700A9312F /* TrendingRepositoriesRepository.swift in Sources */ = {isa = PBXBuildFile; fileRef = 9361E5862D6333F700A9312F /* TrendingRepositoriesRepository.swift */; };
		9361E5892D63344A00A9312F /* ImagesRepository.swift in Sources */ = {isa = PBXBuildFile; fileRef = 9361E5882D63344A00A9312F /* ImagesRepository.swift */; };
		9361E58F2D63555700A9312F /* TrendingRepositoriesRepositoryImpl.swift in Sources */ = {isa = PBXBuildFile; fileRef = 9361E58E2D63555700A9312F /* TrendingRepositoriesRepositoryImpl.swift */; };
		9361E59A2D6356B700A9312F /* NetworkService.swift in Sources */ = {isa = PBXBuildFile; fileRef = 9361E5992D6356B700A9312F /* NetworkService.swift */; };
		9361E59F2D63570D00A9312F /* Requestable.swift in Sources */ = {isa = PBXBuildFile; fileRef = 9361E59E2D63570D00A9312F /* Requestable.swift */; };
		9361E5A12D63579F00A9312F /* Responsable.swift in Sources */ = {isa = PBXBuildFile; fileRef = 9361E5A02D63579F00A9312F /* Responsable.swift */; };
		9361E5A32D6357DB00A9312F /* Endpoint.swift in Sources */ = {isa = PBXBuildFile; fileRef = 9361E5A22D6357DB00A9312F /* Endpoint.swift */; };
		9361E5A62D63588400A9312F /* DataTransferServiceProvider.swift in Sources */ = {isa = PBXBuildFile; fileRef = 9361E5A52D63588400A9312F /* DataTransferServiceProvider.swift */; };
		9362D7F32D65BB1600F331F4 /* OwnerEntity+.swift in Sources */ = {isa = PBXBuildFile; fileRef = 9362D7F22D65BB1600F331F4 /* OwnerEntity+.swift */; };
		9362D7F52D65BC8900F331F4 /* RepositoryEntity+.swift in Sources */ = {isa = PBXBuildFile; fileRef = 9362D7F42D65BC8900F331F4 /* RepositoryEntity+.swift */; };
		9362D7F72D65C5F400F331F4 /* TrendingRepositoriesPageEntity+.swift in Sources */ = {isa = PBXBuildFile; fileRef = 9362D7F62D65C5F400F331F4 /* TrendingRepositoriesPageEntity+.swift */; };
		93CCA7122D6D9EE300526979 /* DispatchQueueType.swift in Sources */ = {isa = PBXBuildFile; fileRef = 93CCA7112D6D9EE300526979 /* DispatchQueueType.swift */; };
		93CCA7152D6DA30600526979 /* Error+UIError.swift in Sources */ = {isa = PBXBuildFile; fileRef = 93CCA7142D6DA30600526979 /* Error+UIError.swift */; };
		93CCA7172D6DA45500526979 /* Localizations+TrendingRepositoriesFeature.swift in Sources */ = {isa = PBXBuildFile; fileRef = 93CCA7162D6DA45500526979 /* Localizations+TrendingRepositoriesFeature.swift */; };
		93CCA7192D6DA62200526979 /* TrendingRepositoriesListViewController.swift in Sources */ = {isa = PBXBuildFile; fileRef = 93CCA7182D6DA62200526979 /* TrendingRepositoriesListViewController.swift */; };
		93CCA73C2D6DB0EE00526979 /* UIViewController+AddChild.swift in Sources */ = {isa = PBXBuildFile; fileRef = 93CCA73B2D6DB0EE00526979 /* UIViewController+AddChild.swift */; };
		93CCA7402D6DB21E00526979 /* TrendingRepositoriesListTableViewController.swift in Sources */ = {isa = PBXBuildFile; fileRef = 93CCA73F2D6DB21E00526979 /* TrendingRepositoriesListTableViewController.swift */; };
		93CCA7422D6DB55500526979 /* TrendingRepositoriesListItemCell.swift in Sources */ = {isa = PBXBuildFile; fileRef = 93CCA7412D6DB55500526979 /* TrendingRepositoriesListItemCell.swift */; };
		93CCA7442D6DC1D500526979 /* Images+TrendingRepositoriesFeature.swift in Sources */ = {isa = PBXBuildFile; fileRef = 93CCA7432D6DC1D500526979 /* Images+TrendingRepositoriesFeature.swift */; };
		93CCA7462D6DDC4000526979 /* UITableView+DequeueReusableCell.swift in Sources */ = {isa = PBXBuildFile; fileRef = 93CCA7452D6DDC4000526979 /* UITableView+DequeueReusableCell.swift */; };
		93CCA74A2D6DDD5600526979 /* TrendingRepositoriesListEmptyItemCell.swift in Sources */ = {isa = PBXBuildFile; fileRef = 93CCA7492D6DDD5600526979 /* TrendingRepositoriesListEmptyItemCell.swift */; };
		93CCA74C2D6DDE2400526979 /* TrendingRepositoriesListLoadingItemCell.swift in Sources */ = {isa = PBXBuildFile; fileRef = 93CCA74B2D6DDE2400526979 /* TrendingRepositoriesListLoadingItemCell.swift */; };
		93CCA74E2D6DDE5F00526979 /* SkeletonLoadable.swift in Sources */ = {isa = PBXBuildFile; fileRef = 93CCA74D2D6DDE5F00526979 /* SkeletonLoadable.swift */; };
/* End PBXBuildFile section */

/* Begin PBXFileReference section */
		9301548F2D684E2300913A64 /* TrendingRepositoriesListViewModel.swift */ = {isa = PBXFileReference; lastKnownFileType = sourcecode.swift; path = TrendingRepositoriesListViewModel.swift; sourceTree = "<group>"; };
		930154922D684F7400913A64 /* Observable.swift */ = {isa = PBXFileReference; lastKnownFileType = sourcecode.swift; path = Observable.swift; sourceTree = "<group>"; };
		930154942D68548B00913A64 /* TrendingRepositoriesListContentViewModel.swift */ = {isa = PBXFileReference; lastKnownFileType = sourcecode.swift; path = TrendingRepositoriesListContentViewModel.swift; sourceTree = "<group>"; };
		930154962D6854C900913A64 /* TrendingRepositoriesListItemViewModel.swift */ = {isa = PBXFileReference; lastKnownFileType = sourcecode.swift; path = TrendingRepositoriesListItemViewModel.swift; sourceTree = "<group>"; };
		930F89162D649E1B006187EE /* NetworkConfig.swift */ = {isa = PBXFileReference; lastKnownFileType = sourcecode.swift; path = NetworkConfig.swift; sourceTree = "<group>"; };
		930F89182D64A22A006187EE /* DataTransferServiceImpl.swift */ = {isa = PBXFileReference; lastKnownFileType = sourcecode.swift; path = DataTransferServiceImpl.swift; sourceTree = "<group>"; };
		930F891F2D64A6FF006187EE /* RepositoryTask.swift */ = {isa = PBXFileReference; lastKnownFileType = sourcecode.swift; path = RepositoryTask.swift; sourceTree = "<group>"; };
		930F89222D64A7D1006187EE /* TrendingRepositoriesStorage.swift */ = {isa = PBXFileReference; lastKnownFileType = sourcecode.swift; path = TrendingRepositoriesStorage.swift; sourceTree = "<group>"; };
		930F89282D64A8E5006187EE /* TrendingRepositoriesRequestQuery.swift */ = {isa = PBXFileReference; lastKnownFileType = sourcecode.swift; path = TrendingRepositoriesRequestQuery.swift; sourceTree = "<group>"; };
		930F892A2D64A91B006187EE /* TrendingRepositoriesPageDto.swift */ = {isa = PBXFileReference; lastKnownFileType = sourcecode.swift; path = TrendingRepositoriesPageDto.swift; sourceTree = "<group>"; };
		930F892C2D64A94F006187EE /* RepositoryDto.swift */ = {isa = PBXFileReference; lastKnownFileType = sourcecode.swift; path = RepositoryDto.swift; sourceTree = "<group>"; };
		930F892E2D64A961006187EE /* OwnerDto.swift */ = {isa = PBXFileReference; lastKnownFileType = sourcecode.swift; path = OwnerDto.swift; sourceTree = "<group>"; };
		930F89302D64AC29006187EE /* APIEndpoints.swift */ = {isa = PBXFileReference; lastKnownFileType = sourcecode.swift; path = APIEndpoints.swift; sourceTree = "<group>"; };
		930F89322D64AC92006187EE /* ImagesRepositoryImpl.swift */ = {isa = PBXFileReference; lastKnownFileType = sourcecode.swift; path = ImagesRepositoryImpl.swift; sourceTree = "<group>"; };
		930F89352D64AD64006187EE /* ImagesStorage.swift */ = {isa = PBXFileReference; lastKnownFileType = sourcecode.swift; path = ImagesStorage.swift; sourceTree = "<group>"; };
		930F89372D64ADFD006187EE /* ImagesRequestQuery.swift */ = {isa = PBXFileReference; lastKnownFileType = sourcecode.swift; path = ImagesRequestQuery.swift; sourceTree = "<group>"; };
		930F893A2D64AF7F006187EE /* CoreDataTrendingRepositoriesStorage.swift */ = {isa = PBXFileReference; lastKnownFileType = sourcecode.swift; path = CoreDataTrendingRepositoriesStorage.swift; sourceTree = "<group>"; };
		930F893D2D64B031006187EE /* CoreDataStorage.swift */ = {isa = PBXFileReference; lastKnownFileType = sourcecode.swift; path = CoreDataStorage.swift; sourceTree = "<group>"; };
		930F89402D64B1D2006187EE /* CoreDataStorage.xcdatamodel */ = {isa = PBXFileReference; lastKnownFileType = wrapper.xcdatamodel; path = CoreDataStorage.xcdatamodel; sourceTree = "<group>"; };
		930F89422D64B4AD006187EE /* CoreDataImagesStorage.swift */ = {isa = PBXFileReference; lastKnownFileType = sourcecode.swift; path = CoreDataImagesStorage.swift; sourceTree = "<group>"; };
		9361E54E2D632EAE00A9312F /* CleanArchitecture+MVVM.app */ = {isa = PBXFileReference; explicitFileType = wrapper.application; includeInIndex = 0; path = "CleanArchitecture+MVVM.app"; sourceTree = BUILT_PRODUCTS_DIR; };
		9361E5662D632EC200A9312F /* AppDelegate.swift */ = {isa = PBXFileReference; lastKnownFileType = sourcecode.swift; path = AppDelegate.swift; sourceTree = "<group>"; };
		9361E5672D632EC200A9312F /* Assets.xcassets */ = {isa = PBXFileReference; lastKnownFileType = folder.assetcatalog; path = Assets.xcassets; sourceTree = "<group>"; };
		9361E5682D632EC200A9312F /* Info.plist */ = {isa = PBXFileReference; lastKnownFileType = text.plist.xml; path = Info.plist; sourceTree = "<group>"; };
		9361E5692D632EC200A9312F /* Base */ = {isa = PBXFileReference; lastKnownFileType = file.storyboard; name = Base; path = Base.lproj/LaunchScreen.storyboard; sourceTree = "<group>"; };
		9361E56D2D632EC200A9312F /* SceneDelegate.swift */ = {isa = PBXFileReference; lastKnownFileType = sourcecode.swift; path = SceneDelegate.swift; sourceTree = "<group>"; };
		9361E56E2D632EC200A9312F /* ViewController.swift */ = {isa = PBXFileReference; lastKnownFileType = sourcecode.swift; path = ViewController.swift; sourceTree = "<group>"; };
		9361E5792D632F5F00A9312F /* Owner.swift */ = {isa = PBXFileReference; lastKnownFileType = sourcecode.swift; path = Owner.swift; sourceTree = "<group>"; };
		9361E57B2D632F8600A9312F /* Repository.swift */ = {isa = PBXFileReference; lastKnownFileType = sourcecode.swift; path = Repository.swift; sourceTree = "<group>"; };
		9361E57D2D632FA800A9312F /* TrendingRepositoriesPage.swift */ = {isa = PBXFileReference; lastKnownFileType = sourcecode.swift; path = TrendingRepositoriesPage.swift; sourceTree = "<group>"; };
		9361E5802D6330E800A9312F /* FetchTrendingRepositoriesUseCase.swift */ = {isa = PBXFileReference; lastKnownFileType = sourcecode.swift; path = FetchTrendingRepositoriesUseCase.swift; sourceTree = "<group>"; };
		9361E5832D63311B00A9312F /* Cancellable.swift */ = {isa = PBXFileReference; lastKnownFileType = sourcecode.swift; path = Cancellable.swift; sourceTree = "<group>"; };
		9361E5862D6333F700A9312F /* TrendingRepositoriesRepository.swift */ = {isa = PBXFileReference; lastKnownFileType = sourcecode.swift; path = TrendingRepositoriesRepository.swift; sourceTree = "<group>"; };
		9361E5882D63344A00A9312F /* ImagesRepository.swift */ = {isa = PBXFileReference; lastKnownFileType = sourcecode.swift; path = ImagesRepository.swift; sourceTree = "<group>"; };
		9361E58E2D63555700A9312F /* TrendingRepositoriesRepositoryImpl.swift */ = {isa = PBXFileReference; lastKnownFileType = sourcecode.swift; path = TrendingRepositoriesRepositoryImpl.swift; sourceTree = "<group>"; };
		9361E5992D6356B700A9312F /* NetworkService.swift */ = {isa = PBXFileReference; lastKnownFileType = sourcecode.swift; path = NetworkService.swift; sourceTree = "<group>"; };
		9361E59E2D63570D00A9312F /* Requestable.swift */ = {isa = PBXFileReference; lastKnownFileType = sourcecode.swift; path = Requestable.swift; sourceTree = "<group>"; };
		9361E5A02D63579F00A9312F /* Responsable.swift */ = {isa = PBXFileReference; lastKnownFileType = sourcecode.swift; path = Responsable.swift; sourceTree = "<group>"; };
		9361E5A22D6357DB00A9312F /* Endpoint.swift */ = {isa = PBXFileReference; lastKnownFileType = sourcecode.swift; path = Endpoint.swift; sourceTree = "<group>"; };
		9361E5A52D63588400A9312F /* DataTransferServiceProvider.swift */ = {isa = PBXFileReference; lastKnownFileType = sourcecode.swift; path = DataTransferServiceProvider.swift; sourceTree = "<group>"; };
		9362D7F22D65BB1600F331F4 /* OwnerEntity+.swift */ = {isa = PBXFileReference; lastKnownFileType = sourcecode.swift; path = "OwnerEntity+.swift"; sourceTree = "<group>"; };
		9362D7F42D65BC8900F331F4 /* RepositoryEntity+.swift */ = {isa = PBXFileReference; lastKnownFileType = sourcecode.swift; path = "RepositoryEntity+.swift"; sourceTree = "<group>"; };
		9362D7F62D65C5F400F331F4 /* TrendingRepositoriesPageEntity+.swift */ = {isa = PBXFileReference; lastKnownFileType = sourcecode.swift; path = "TrendingRepositoriesPageEntity+.swift"; sourceTree = "<group>"; };
		93CCA7112D6D9EE300526979 /* DispatchQueueType.swift */ = {isa = PBXFileReference; lastKnownFileType = sourcecode.swift; path = DispatchQueueType.swift; sourceTree = "<group>"; };
		93CCA7142D6DA30600526979 /* Error+UIError.swift */ = {isa = PBXFileReference; lastKnownFileType = sourcecode.swift; path = "Error+UIError.swift"; sourceTree = "<group>"; };
		93CCA7162D6DA45500526979 /* Localizations+TrendingRepositoriesFeature.swift */ = {isa = PBXFileReference; lastKnownFileType = sourcecode.swift; path = "Localizations+TrendingRepositoriesFeature.swift"; sourceTree = "<group>"; };
		93CCA7182D6DA62200526979 /* TrendingRepositoriesListViewController.swift */ = {isa = PBXFileReference; lastKnownFileType = sourcecode.swift; path = TrendingRepositoriesListViewController.swift; sourceTree = "<group>"; };
		93CCA73B2D6DB0EE00526979 /* UIViewController+AddChild.swift */ = {isa = PBXFileReference; lastKnownFileType = sourcecode.swift; path = "UIViewController+AddChild.swift"; sourceTree = "<group>"; };
		93CCA73F2D6DB21E00526979 /* TrendingRepositoriesListTableViewController.swift */ = {isa = PBXFileReference; lastKnownFileType = sourcecode.swift; path = TrendingRepositoriesListTableViewController.swift; sourceTree = "<group>"; };
		93CCA7412D6DB55500526979 /* TrendingRepositoriesListItemCell.swift */ = {isa = PBXFileReference; lastKnownFileType = sourcecode.swift; path = TrendingRepositoriesListItemCell.swift; sourceTree = "<group>"; };
		93CCA7432D6DC1D500526979 /* Images+TrendingRepositoriesFeature.swift */ = {isa = PBXFileReference; lastKnownFileType = sourcecode.swift; path = "Images+TrendingRepositoriesFeature.swift"; sourceTree = "<group>"; };
		93CCA7452D6DDC4000526979 /* UITableView+DequeueReusableCell.swift */ = {isa = PBXFileReference; lastKnownFileType = sourcecode.swift; path = "UITableView+DequeueReusableCell.swift"; sourceTree = "<group>"; };
		93CCA7492D6DDD5600526979 /* TrendingRepositoriesListEmptyItemCell.swift */ = {isa = PBXFileReference; lastKnownFileType = sourcecode.swift; path = TrendingRepositoriesListEmptyItemCell.swift; sourceTree = "<group>"; };
		93CCA74B2D6DDE2400526979 /* TrendingRepositoriesListLoadingItemCell.swift */ = {isa = PBXFileReference; lastKnownFileType = sourcecode.swift; path = TrendingRepositoriesListLoadingItemCell.swift; sourceTree = "<group>"; };
		93CCA74D2D6DDE5F00526979 /* SkeletonLoadable.swift */ = {isa = PBXFileReference; lastKnownFileType = sourcecode.swift; path = SkeletonLoadable.swift; sourceTree = "<group>"; };
/* End PBXFileReference section */

/* Begin PBXFrameworksBuildPhase section */
		9361E54B2D632EAE00A9312F /* Frameworks */ = {
			isa = PBXFrameworksBuildPhase;
			buildActionMask = 2147483647;
			files = (
			);
			runOnlyForDeploymentPostprocessing = 0;
		};
/* End PBXFrameworksBuildPhase section */

/* Begin PBXGroup section */
		930154892D684D7A00913A64 /* Presentation */ = {
			isa = PBXGroup;
			children = (
				9301548A2D684D8F00913A64 /* TrendingRepositoriesFeature */,
				930154912D684F6C00913A64 /* Utils */,
			);
			path = Presentation;
			sourceTree = "<group>";
		};
		9301548A2D684D8F00913A64 /* TrendingRepositoriesFeature */ = {
			isa = PBXGroup;
			children = (
				9301548B2D684DBB00913A64 /* TradingRepositoriesList */,
				93CCA7162D6DA45500526979 /* Localizations+TrendingRepositoriesFeature.swift */,
				93CCA7432D6DC1D500526979 /* Images+TrendingRepositoriesFeature.swift */,
			);
			path = TrendingRepositoriesFeature;
			sourceTree = "<group>";
		};
		9301548B2D684DBB00913A64 /* TradingRepositoriesList */ = {
			isa = PBXGroup;
			children = (
				9301548C2D684DCE00913A64 /* ViewModel */,
				9301548D2D684DD300913A64 /* View */,
			);
			path = TradingRepositoriesList;
			sourceTree = "<group>";
		};
		9301548C2D684DCE00913A64 /* ViewModel */ = {
			isa = PBXGroup;
			children = (
				9301548F2D684E2300913A64 /* TrendingRepositoriesListViewModel.swift */,
				9301548E2D684DEA00913A64 /* TrendingRepositoriesDisplayModeltems */,
			);
			path = ViewModel;
			sourceTree = "<group>";
		};
		9301548D2D684DD300913A64 /* View */ = {
			isa = PBXGroup;
			children = (
				93CCA7182D6DA62200526979 /* TrendingRepositoriesListViewController.swift */,
				93CCA73D2D6DB1AD00526979 /* TrendingRepositoriesListTableView */,
			);
			path = View;
			sourceTree = "<group>";
		};
		9301548E2D684DEA00913A64 /* TrendingRepositoriesDisplayModeltems */ = {
			isa = PBXGroup;
			children = (
				930154962D6854C900913A64 /* TrendingRepositoriesListItemViewModel.swift */,
				930154942D68548B00913A64 /* TrendingRepositoriesListContentViewModel.swift */,
			);
			path = TrendingRepositoriesDisplayModeltems;
			sourceTree = "<group>";
		};
		930154912D684F6C00913A64 /* Utils */ = {
			isa = PBXGroup;
			children = (
				93CCA7132D6DA2E700526979 /* Extensions */,
				930154922D684F7400913A64 /* Observable.swift */,
				93CCA74D2D6DDE5F00526979 /* SkeletonLoadable.swift */,
			);
			path = Utils;
			sourceTree = "<group>";
		};
		930F891C2D64A6B4006187EE /* Utils */ = {
			isa = PBXGroup;
			children = (
				930F891F2D64A6FF006187EE /* RepositoryTask.swift */,
			);
			path = Utils;
			sourceTree = "<group>";
		};
		930F89212D64A7BB006187EE /* TrendingRepositoriesStorage */ = {
			isa = PBXGroup;
			children = (
				930F89222D64A7D1006187EE /* TrendingRepositoriesStorage.swift */,
				930F893A2D64AF7F006187EE /* CoreDataTrendingRepositoriesStorage.swift */,
				930F89392D64AF00006187EE /* EntityMapping */,
			);
			path = TrendingRepositoriesStorage;
			sourceTree = "<group>";
		};
		930F89242D64A89F006187EE /* DataMapping */ = {
			isa = PBXGroup;
			children = (
				930F89252D64A8B2006187EE /* Repositories */,
			);
			path = DataMapping;
			sourceTree = "<group>";
		};
		930F89252D64A8B2006187EE /* Repositories */ = {
			isa = PBXGroup;
			children = (
				930F89262D64A8BB006187EE /* Request */,
				930F89272D64A8C1006187EE /* Response */,
			);
			path = Repositories;
			sourceTree = "<group>";
		};
		930F89262D64A8BB006187EE /* Request */ = {
			isa = PBXGroup;
			children = (
				930F89282D64A8E5006187EE /* TrendingRepositoriesRequestQuery.swift */,
				930F89372D64ADFD006187EE /* ImagesRequestQuery.swift */,
			);
			path = Request;
			sourceTree = "<group>";
		};
		930F89272D64A8C1006187EE /* Response */ = {
			isa = PBXGroup;
			children = (
				930F892E2D64A961006187EE /* OwnerDto.swift */,
				930F892C2D64A94F006187EE /* RepositoryDto.swift */,
				930F892A2D64A91B006187EE /* TrendingRepositoriesPageDto.swift */,
			);
			path = Response;
			sourceTree = "<group>";
		};
		930F89342D64AD50006187EE /* ImagesStorage */ = {
			isa = PBXGroup;
			children = (
				930F89352D64AD64006187EE /* ImagesStorage.swift */,
				930F89422D64B4AD006187EE /* CoreDataImagesStorage.swift */,
			);
			path = ImagesStorage;
			sourceTree = "<group>";
		};
		930F89392D64AF00006187EE /* EntityMapping */ = {
			isa = PBXGroup;
			children = (
				9362D7F22D65BB1600F331F4 /* OwnerEntity+.swift */,
				9362D7F42D65BC8900F331F4 /* RepositoryEntity+.swift */,
				9362D7F62D65C5F400F331F4 /* TrendingRepositoriesPageEntity+.swift */,
			);
			path = EntityMapping;
			sourceTree = "<group>";
		};
		930F893C2D64AFC4006187EE /* CoreDataStorage */ = {
			isa = PBXGroup;
			children = (
				930F893F2D64B1D2006187EE /* CoreDataStorage.xcdatamodeld */,
				930F893D2D64B031006187EE /* CoreDataStorage.swift */,
			);
			path = CoreDataStorage;
			sourceTree = "<group>";
		};
		9361E5452D632EAE00A9312F = {
			isa = PBXGroup;
			children = (
				9361E56F2D632EC200A9312F /* CleanArchitecture+MVVM */,
				9361E54F2D632EAE00A9312F /* Products */,
			);
			sourceTree = "<group>";
		};
		9361E54F2D632EAE00A9312F /* Products */ = {
			isa = PBXGroup;
			children = (
				9361E54E2D632EAE00A9312F /* CleanArchitecture+MVVM.app */,
			);
			name = Products;
			sourceTree = "<group>";
		};
		9361E56F2D632EC200A9312F /* CleanArchitecture+MVVM */ = {
			isa = PBXGroup;
			children = (
				930154892D684D7A00913A64 /* Presentation */,
				9361E5662D632EC200A9312F /* AppDelegate.swift */,
				9361E5672D632EC200A9312F /* Assets.xcassets */,
				9361E5682D632EC200A9312F /* Info.plist */,
				9361E56A2D632EC200A9312F /* LaunchScreen.storyboard */,
				9361E56D2D632EC200A9312F /* SceneDelegate.swift */,
				9361E56E2D632EC200A9312F /* ViewController.swift */,
				9361E5772D632F3700A9312F /* Domain */,
				9361E58A2D6354C500A9312F /* Data */,
				9361E5902D6355CF00A9312F /* Infrastructure */,
				9361E5822D63310E00A9312F /* Common */,
			);
			path = "CleanArchitecture+MVVM";
			sourceTree = "<group>";
		};
		9361E5772D632F3700A9312F /* Domain */ = {
			isa = PBXGroup;
			children = (
				9361E5782D632F4C00A9312F /* Entities */,
				9361E57F2D6330C500A9312F /* UseCases */,
				9361E5852D6333CC00A9312F /* Interfaces */,
			);
			path = Domain;
			sourceTree = "<group>";
		};
		9361E5782D632F4C00A9312F /* Entities */ = {
			isa = PBXGroup;
			children = (
				9361E5792D632F5F00A9312F /* Owner.swift */,
				9361E57B2D632F8600A9312F /* Repository.swift */,
				9361E57D2D632FA800A9312F /* TrendingRepositoriesPage.swift */,
			);
			path = Entities;
			sourceTree = "<group>";
		};
		9361E57F2D6330C500A9312F /* UseCases */ = {
			isa = PBXGroup;
			children = (
				9361E5802D6330E800A9312F /* FetchTrendingRepositoriesUseCase.swift */,
			);
			path = UseCases;
			sourceTree = "<group>";
		};
		9361E5822D63310E00A9312F /* Common */ = {
			isa = PBXGroup;
			children = (
				93CCA7112D6D9EE300526979 /* DispatchQueueType.swift */,
				9361E5832D63311B00A9312F /* Cancellable.swift */,
			);
			path = Common;
			sourceTree = "<group>";
		};
		9361E5852D6333CC00A9312F /* Interfaces */ = {
			isa = PBXGroup;
			children = (
				9361E5862D6333F700A9312F /* TrendingRepositoriesRepository.swift */,
				9361E5882D63344A00A9312F /* ImagesRepository.swift */,
			);
			path = Interfaces;
			sourceTree = "<group>";
		};
		9361E58A2D6354C500A9312F /* Data */ = {
			isa = PBXGroup;
			children = (
				9361E58C2D63551A00A9312F /* Repositories */,
				9361E58B2D63550F00A9312F /* Network */,
				9361E58D2D63553000A9312F /* PersistentStorages */,
			);
			path = Data;
			sourceTree = "<group>";
		};
		9361E58B2D63550F00A9312F /* Network */ = {
			isa = PBXGroup;
			children = (
				930F89302D64AC29006187EE /* APIEndpoints.swift */,
				930F89242D64A89F006187EE /* DataMapping */,
			);
			path = Network;
			sourceTree = "<group>";
		};
		9361E58C2D63551A00A9312F /* Repositories */ = {
			isa = PBXGroup;
			children = (
				9361E58E2D63555700A9312F /* TrendingRepositoriesRepositoryImpl.swift */,
				930F89322D64AC92006187EE /* ImagesRepositoryImpl.swift */,
				930F891C2D64A6B4006187EE /* Utils */,
			);
			path = Repositories;
			sourceTree = "<group>";
		};
		9361E58D2D63553000A9312F /* PersistentStorages */ = {
			isa = PBXGroup;
			children = (
				930F89212D64A7BB006187EE /* TrendingRepositoriesStorage */,
				930F89342D64AD50006187EE /* ImagesStorage */,
				930F893C2D64AFC4006187EE /* CoreDataStorage */,
			);
			path = PersistentStorages;
			sourceTree = "<group>";
		};
		9361E5902D6355CF00A9312F /* Infrastructure */ = {
			isa = PBXGroup;
			children = (
				9361E5912D6355DF00A9312F /* Network */,
			);
			path = Infrastructure;
			sourceTree = "<group>";
		};
		9361E5912D6355DF00A9312F /* Network */ = {
			isa = PBXGroup;
			children = (
				9361E5992D6356B700A9312F /* NetworkService.swift */,
				930F89162D649E1B006187EE /* NetworkConfig.swift */,
				9361E59D2D6356E600A9312F /* Endpoint */,
				9361E5A42D63587D00A9312F /* Provider */,
			);
			path = Network;
			sourceTree = "<group>";
		};
		9361E59D2D6356E600A9312F /* Endpoint */ = {
			isa = PBXGroup;
			children = (
				9361E59E2D63570D00A9312F /* Requestable.swift */,
				9361E5A02D63579F00A9312F /* Responsable.swift */,
				9361E5A22D6357DB00A9312F /* Endpoint.swift */,
			);
			path = Endpoint;
			sourceTree = "<group>";
		};
		9361E5A42D63587D00A9312F /* Provider */ = {
			isa = PBXGroup;
			children = (
				9361E5A52D63588400A9312F /* DataTransferServiceProvider.swift */,
				930F89182D64A22A006187EE /* DataTransferServiceImpl.swift */,
			);
			path = Provider;
			sourceTree = "<group>";
		};
		93CCA7132D6DA2E700526979 /* Extensions */ = {
			isa = PBXGroup;
			children = (
				93CCA7142D6DA30600526979 /* Error+UIError.swift */,
				93CCA73B2D6DB0EE00526979 /* UIViewController+AddChild.swift */,
				93CCA7452D6DDC4000526979 /* UITableView+DequeueReusableCell.swift */,
			);
			path = Extensions;
			sourceTree = "<group>";
		};
		93CCA73D2D6DB1AD00526979 /* TrendingRepositoriesListTableView */ = {
			isa = PBXGroup;
			children = (
				93CCA73F2D6DB21E00526979 /* TrendingRepositoriesListTableViewController.swift */,
				93CCA73E2D6DB1BA00526979 /* Cells */,
			);
			path = TrendingRepositoriesListTableView;
			sourceTree = "<group>";
		};
		93CCA73E2D6DB1BA00526979 /* Cells */ = {
			isa = PBXGroup;
			children = (
				93CCA7412D6DB55500526979 /* TrendingRepositoriesListItemCell.swift */,
				93CCA7492D6DDD5600526979 /* TrendingRepositoriesListEmptyItemCell.swift */,
				93CCA74B2D6DDE2400526979 /* TrendingRepositoriesListLoadingItemCell.swift */,
			);
			path = Cells;
			sourceTree = "<group>";
		};
/* End PBXGroup section */

/* Begin PBXNativeTarget section */
		9361E54D2D632EAE00A9312F /* CleanArchitecture+MVVM */ = {
			isa = PBXNativeTarget;
			buildConfigurationList = 9361E5612D632EB000A9312F /* Build configuration list for PBXNativeTarget "CleanArchitecture+MVVM" */;
			buildPhases = (
				9361E54A2D632EAE00A9312F /* Sources */,
				9361E54B2D632EAE00A9312F /* Frameworks */,
				9361E54C2D632EAE00A9312F /* Resources */,
			);
			buildRules = (
			);
			dependencies = (
			);
			name = "CleanArchitecture+MVVM";
			packageProductDependencies = (
			);
			productName = "CleanArchitecture+MVVM";
			productReference = 9361E54E2D632EAE00A9312F /* CleanArchitecture+MVVM.app */;
			productType = "com.apple.product-type.application";
		};
/* End PBXNativeTarget section */

/* Begin PBXProject section */
		9361E5462D632EAE00A9312F /* Project object */ = {
			isa = PBXProject;
			attributes = {
				BuildIndependentTargetsInParallel = 1;
				LastSwiftUpdateCheck = 1620;
				LastUpgradeCheck = 1620;
				TargetAttributes = {
					9361E54D2D632EAE00A9312F = {
						CreatedOnToolsVersion = 16.2;
					};
				};
			};
			buildConfigurationList = 9361E5492D632EAE00A9312F /* Build configuration list for PBXProject "CleanArchitecture+MVVM" */;
			developmentRegion = en;
			hasScannedForEncodings = 0;
			knownRegions = (
				en,
				Base,
			);
			mainGroup = 9361E5452D632EAE00A9312F;
			minimizedProjectReferenceProxies = 1;
			preferredProjectObjectVersion = 77;
			productRefGroup = 9361E54F2D632EAE00A9312F /* Products */;
			projectDirPath = "";
			projectRoot = "";
			targets = (
				9361E54D2D632EAE00A9312F /* CleanArchitecture+MVVM */,
			);
		};
/* End PBXProject section */

/* Begin PBXResourcesBuildPhase section */
		9361E54C2D632EAE00A9312F /* Resources */ = {
			isa = PBXResourcesBuildPhase;
			buildActionMask = 2147483647;
			files = (
				9361E5732D632EC200A9312F /* Assets.xcassets in Resources */,
				9361E5752D632EC200A9312F /* LaunchScreen.storyboard in Resources */,
			);
			runOnlyForDeploymentPostprocessing = 0;
		};
/* End PBXResourcesBuildPhase section */

/* Begin PBXSourcesBuildPhase section */
		9361E54A2D632EAE00A9312F /* Sources */ = {
			isa = PBXSourcesBuildPhase;
			buildActionMask = 2147483647;
			files = (
				9361E5702D632EC200A9312F /* AppDelegate.swift in Sources */,
				9361E59F2D63570D00A9312F /* Requestable.swift in Sources */,
				93CCA7402D6DB21E00526979 /* TrendingRepositoriesListTableViewController.swift in Sources */,
				9361E5A62D63588400A9312F /* DataTransferServiceProvider.swift in Sources */,
				9361E57A2D632F5F00A9312F /* Owner.swift in Sources */,
				9361E5872D6333F700A9312F /* TrendingRepositoriesRepository.swift in Sources */,
				9361E58F2D63555700A9312F /* TrendingRepositoriesRepositoryImpl.swift in Sources */,
				930F893E2D64B031006187EE /* CoreDataStorage.swift in Sources */,
				9361E5842D63311B00A9312F /* Cancellable.swift in Sources */,
				930F89292D64A8E5006187EE /* TrendingRepositoriesRequestQuery.swift in Sources */,
				930F89432D64B4AD006187EE /* CoreDataImagesStorage.swift in Sources */,
				93CCA74E2D6DDE5F00526979 /* SkeletonLoadable.swift in Sources */,
				93CCA7152D6DA30600526979 /* Error+UIError.swift in Sources */,
				9361E57C2D632F8600A9312F /* Repository.swift in Sources */,
				930F89362D64AD64006187EE /* ImagesStorage.swift in Sources */,
				930F89202D64A6FF006187EE /* RepositoryTask.swift in Sources */,
				930F89412D64B1D2006187EE /* CoreDataStorage.xcdatamodeld in Sources */,
				9362D7F32D65BB1600F331F4 /* OwnerEntity+.swift in Sources */,
				930F89172D649E1B006187EE /* NetworkConfig.swift in Sources */,
				930F892F2D64A961006187EE /* OwnerDto.swift in Sources */,
				930154952D68548B00913A64 /* TrendingRepositoriesListContentViewModel.swift in Sources */,
				9361E5892D63344A00A9312F /* ImagesRepository.swift in Sources */,
				93CCA74A2D6DDD5600526979 /* TrendingRepositoriesListEmptyItemCell.swift in Sources */,
				9362D7F52D65BC8900F331F4 /* RepositoryEntity+.swift in Sources */,
				9361E5A12D63579F00A9312F /* Responsable.swift in Sources */,
				93CCA74C2D6DDE2400526979 /* TrendingRepositoriesListLoadingItemCell.swift in Sources */,
				93CCA7192D6DA62200526979 /* TrendingRepositoriesListViewController.swift in Sources */,
				930F89382D64ADFD006187EE /* ImagesRequestQuery.swift in Sources */,
				93CCA7422D6DB55500526979 /* TrendingRepositoriesListItemCell.swift in Sources */,
				930F89192D64A22A006187EE /* DataTransferServiceImpl.swift in Sources */,
				9361E57E2D632FA800A9312F /* TrendingRepositoriesPage.swift in Sources */,
				930F89232D64A7D1006187EE /* TrendingRepositoriesStorage.swift in Sources */,
				93CCA73C2D6DB0EE00526979 /* UIViewController+AddChild.swift in Sources */,
				9362D7F72D65C5F400F331F4 /* TrendingRepositoriesPageEntity+.swift in Sources */,
				9361E5A32D6357DB00A9312F /* Endpoint.swift in Sources */,
				930F892B2D64A91B006187EE /* TrendingRepositoriesPageDto.swift in Sources */,
				9361E5712D632EC200A9312F /* SceneDelegate.swift in Sources */,
				9361E5812D6330E800A9312F /* FetchTrendingRepositoriesUseCase.swift in Sources */,
				930154902D684E2300913A64 /* TrendingRepositoriesListViewModel.swift in Sources */,
				930154932D684F7400913A64 /* Observable.swift in Sources */,
				930F89312D64AC29006187EE /* APIEndpoints.swift in Sources */,
				93CCA7172D6DA45500526979 /* Localizations+TrendingRepositoriesFeature.swift in Sources */,
				93CCA7122D6D9EE300526979 /* DispatchQueueType.swift in Sources */,
				930F892D2D64A94F006187EE /* RepositoryDto.swift in Sources */,
				9361E59A2D6356B700A9312F /* NetworkService.swift in Sources */,
				93CCA7442D6DC1D500526979 /* Images+TrendingRepositoriesFeature.swift in Sources */,
				930F893B2D64AF7F006187EE /* CoreDataTrendingRepositoriesStorage.swift in Sources */,
				9361E5722D632EC200A9312F /* ViewController.swift in Sources */,
				93CCA7462D6DDC4000526979 /* UITableView+DequeueReusableCell.swift in Sources */,
				930154972D6854C900913A64 /* TrendingRepositoriesListItemViewModel.swift in Sources */,
				930F89332D64AC92006187EE /* ImagesRepositoryImpl.swift in Sources */,
			);
			runOnlyForDeploymentPostprocessing = 0;
		};
/* End PBXSourcesBuildPhase section */

/* Begin PBXVariantGroup section */
		9361E56A2D632EC200A9312F /* LaunchScreen.storyboard */ = {
			isa = PBXVariantGroup;
			children = (
				9361E5692D632EC200A9312F /* Base */,
			);
			name = LaunchScreen.storyboard;
			sourceTree = "<group>";
		};
/* End PBXVariantGroup section */

/* Begin XCBuildConfiguration section */
		9361E5622D632EB000A9312F /* Debug */ = {
			isa = XCBuildConfiguration;
			buildSettings = {
				ASSETCATALOG_COMPILER_APPICON_NAME = AppIcon;
				ASSETCATALOG_COMPILER_GLOBAL_ACCENT_COLOR_NAME = AccentColor;
				CODE_SIGN_STYLE = Automatic;
				CURRENT_PROJECT_VERSION = 1;
				GENERATE_INFOPLIST_FILE = YES;
				INFOPLIST_FILE = "CleanArchitecture+MVVM/Info.plist";
				INFOPLIST_KEY_UIApplicationSupportsIndirectInputEvents = YES;
				INFOPLIST_KEY_UILaunchStoryboardName = LaunchScreen;
				INFOPLIST_KEY_UISupportedInterfaceOrientations_iPad = "UIInterfaceOrientationPortrait UIInterfaceOrientationPortraitUpsideDown UIInterfaceOrientationLandscapeLeft UIInterfaceOrientationLandscapeRight";
				INFOPLIST_KEY_UISupportedInterfaceOrientations_iPhone = "UIInterfaceOrientationPortrait UIInterfaceOrientationLandscapeLeft UIInterfaceOrientationLandscapeRight";
				LD_RUNPATH_SEARCH_PATHS = (
					"$(inherited)",
					"@executable_path/Frameworks",
				);
				MARKETING_VERSION = 1.0;
				PRODUCT_BUNDLE_IDENTIFIER = "com.jp.CleanArchitecture-MVVM";
				PRODUCT_NAME = "$(TARGET_NAME)";
				SWIFT_EMIT_LOC_STRINGS = YES;
				SWIFT_VERSION = 5.0;
				TARGETED_DEVICE_FAMILY = "1,2";
			};
			name = Debug;
		};
		9361E5632D632EB000A9312F /* Release */ = {
			isa = XCBuildConfiguration;
			buildSettings = {
				ASSETCATALOG_COMPILER_APPICON_NAME = AppIcon;
				ASSETCATALOG_COMPILER_GLOBAL_ACCENT_COLOR_NAME = AccentColor;
				CODE_SIGN_STYLE = Automatic;
				CURRENT_PROJECT_VERSION = 1;
				GENERATE_INFOPLIST_FILE = YES;
				INFOPLIST_FILE = "CleanArchitecture+MVVM/Info.plist";
				INFOPLIST_KEY_UIApplicationSupportsIndirectInputEvents = YES;
				INFOPLIST_KEY_UILaunchStoryboardName = LaunchScreen;
				INFOPLIST_KEY_UISupportedInterfaceOrientations_iPad = "UIInterfaceOrientationPortrait UIInterfaceOrientationPortraitUpsideDown UIInterfaceOrientationLandscapeLeft UIInterfaceOrientationLandscapeRight";
				INFOPLIST_KEY_UISupportedInterfaceOrientations_iPhone = "UIInterfaceOrientationPortrait UIInterfaceOrientationLandscapeLeft UIInterfaceOrientationLandscapeRight";
				LD_RUNPATH_SEARCH_PATHS = (
					"$(inherited)",
					"@executable_path/Frameworks",
				);
				MARKETING_VERSION = 1.0;
				PRODUCT_BUNDLE_IDENTIFIER = "com.jp.CleanArchitecture-MVVM";
				PRODUCT_NAME = "$(TARGET_NAME)";
				SWIFT_EMIT_LOC_STRINGS = YES;
				SWIFT_VERSION = 5.0;
				TARGETED_DEVICE_FAMILY = "1,2";
			};
			name = Release;
		};
		9361E5642D632EB000A9312F /* Debug */ = {
			isa = XCBuildConfiguration;
			buildSettings = {
				ALWAYS_SEARCH_USER_PATHS = NO;
				ASSETCATALOG_COMPILER_GENERATE_SWIFT_ASSET_SYMBOL_EXTENSIONS = YES;
				CLANG_ANALYZER_NONNULL = YES;
				CLANG_ANALYZER_NUMBER_OBJECT_CONVERSION = YES_AGGRESSIVE;
				CLANG_CXX_LANGUAGE_STANDARD = "gnu++20";
				CLANG_ENABLE_MODULES = YES;
				CLANG_ENABLE_OBJC_ARC = YES;
				CLANG_ENABLE_OBJC_WEAK = YES;
				CLANG_WARN_BLOCK_CAPTURE_AUTORELEASING = YES;
				CLANG_WARN_BOOL_CONVERSION = YES;
				CLANG_WARN_COMMA = YES;
				CLANG_WARN_CONSTANT_CONVERSION = YES;
				CLANG_WARN_DEPRECATED_OBJC_IMPLEMENTATIONS = YES;
				CLANG_WARN_DIRECT_OBJC_ISA_USAGE = YES_ERROR;
				CLANG_WARN_DOCUMENTATION_COMMENTS = YES;
				CLANG_WARN_EMPTY_BODY = YES;
				CLANG_WARN_ENUM_CONVERSION = YES;
				CLANG_WARN_INFINITE_RECURSION = YES;
				CLANG_WARN_INT_CONVERSION = YES;
				CLANG_WARN_NON_LITERAL_NULL_CONVERSION = YES;
				CLANG_WARN_OBJC_IMPLICIT_RETAIN_SELF = YES;
				CLANG_WARN_OBJC_LITERAL_CONVERSION = YES;
				CLANG_WARN_OBJC_ROOT_CLASS = YES_ERROR;
				CLANG_WARN_QUOTED_INCLUDE_IN_FRAMEWORK_HEADER = YES;
				CLANG_WARN_RANGE_LOOP_ANALYSIS = YES;
				CLANG_WARN_STRICT_PROTOTYPES = YES;
				CLANG_WARN_SUSPICIOUS_MOVE = YES;
				CLANG_WARN_UNGUARDED_AVAILABILITY = YES_AGGRESSIVE;
				CLANG_WARN_UNREACHABLE_CODE = YES;
				CLANG_WARN__DUPLICATE_METHOD_MATCH = YES;
				COPY_PHASE_STRIP = NO;
				DEBUG_INFORMATION_FORMAT = dwarf;
				ENABLE_STRICT_OBJC_MSGSEND = YES;
				ENABLE_TESTABILITY = YES;
				ENABLE_USER_SCRIPT_SANDBOXING = YES;
				GCC_C_LANGUAGE_STANDARD = gnu17;
				GCC_DYNAMIC_NO_PIC = NO;
				GCC_NO_COMMON_BLOCKS = YES;
				GCC_OPTIMIZATION_LEVEL = 0;
				GCC_PREPROCESSOR_DEFINITIONS = (
					"DEBUG=1",
					"$(inherited)",
				);
				GCC_WARN_64_TO_32_BIT_CONVERSION = YES;
				GCC_WARN_ABOUT_RETURN_TYPE = YES_ERROR;
				GCC_WARN_UNDECLARED_SELECTOR = YES;
				GCC_WARN_UNINITIALIZED_AUTOS = YES_AGGRESSIVE;
				GCC_WARN_UNUSED_FUNCTION = YES;
				GCC_WARN_UNUSED_VARIABLE = YES;
				IPHONEOS_DEPLOYMENT_TARGET = 18.2;
				LOCALIZATION_PREFERS_STRING_CATALOGS = YES;
				MTL_ENABLE_DEBUG_INFO = INCLUDE_SOURCE;
				MTL_FAST_MATH = YES;
				ONLY_ACTIVE_ARCH = YES;
				SDKROOT = iphoneos;
				SWIFT_ACTIVE_COMPILATION_CONDITIONS = "DEBUG $(inherited)";
				SWIFT_OPTIMIZATION_LEVEL = "-Onone";
			};
			name = Debug;
		};
		9361E5652D632EB000A9312F /* Release */ = {
			isa = XCBuildConfiguration;
			buildSettings = {
				ALWAYS_SEARCH_USER_PATHS = NO;
				ASSETCATALOG_COMPILER_GENERATE_SWIFT_ASSET_SYMBOL_EXTENSIONS = YES;
				CLANG_ANALYZER_NONNULL = YES;
				CLANG_ANALYZER_NUMBER_OBJECT_CONVERSION = YES_AGGRESSIVE;
				CLANG_CXX_LANGUAGE_STANDARD = "gnu++20";
				CLANG_ENABLE_MODULES = YES;
				CLANG_ENABLE_OBJC_ARC = YES;
				CLANG_ENABLE_OBJC_WEAK = YES;
				CLANG_WARN_BLOCK_CAPTURE_AUTORELEASING = YES;
				CLANG_WARN_BOOL_CONVERSION = YES;
				CLANG_WARN_COMMA = YES;
				CLANG_WARN_CONSTANT_CONVERSION = YES;
				CLANG_WARN_DEPRECATED_OBJC_IMPLEMENTATIONS = YES;
				CLANG_WARN_DIRECT_OBJC_ISA_USAGE = YES_ERROR;
				CLANG_WARN_DOCUMENTATION_COMMENTS = YES;
				CLANG_WARN_EMPTY_BODY = YES;
				CLANG_WARN_ENUM_CONVERSION = YES;
				CLANG_WARN_INFINITE_RECURSION = YES;
				CLANG_WARN_INT_CONVERSION = YES;
				CLANG_WARN_NON_LITERAL_NULL_CONVERSION = YES;
				CLANG_WARN_OBJC_IMPLICIT_RETAIN_SELF = YES;
				CLANG_WARN_OBJC_LITERAL_CONVERSION = YES;
				CLANG_WARN_OBJC_ROOT_CLASS = YES_ERROR;
				CLANG_WARN_QUOTED_INCLUDE_IN_FRAMEWORK_HEADER = YES;
				CLANG_WARN_RANGE_LOOP_ANALYSIS = YES;
				CLANG_WARN_STRICT_PROTOTYPES = YES;
				CLANG_WARN_SUSPICIOUS_MOVE = YES;
				CLANG_WARN_UNGUARDED_AVAILABILITY = YES_AGGRESSIVE;
				CLANG_WARN_UNREACHABLE_CODE = YES;
				CLANG_WARN__DUPLICATE_METHOD_MATCH = YES;
				COPY_PHASE_STRIP = NO;
				DEBUG_INFORMATION_FORMAT = "dwarf-with-dsym";
				ENABLE_NS_ASSERTIONS = NO;
				ENABLE_STRICT_OBJC_MSGSEND = YES;
				ENABLE_USER_SCRIPT_SANDBOXING = YES;
				GCC_C_LANGUAGE_STANDARD = gnu17;
				GCC_NO_COMMON_BLOCKS = YES;
				GCC_WARN_64_TO_32_BIT_CONVERSION = YES;
				GCC_WARN_ABOUT_RETURN_TYPE = YES_ERROR;
				GCC_WARN_UNDECLARED_SELECTOR = YES;
				GCC_WARN_UNINITIALIZED_AUTOS = YES_AGGRESSIVE;
				GCC_WARN_UNUSED_FUNCTION = YES;
				GCC_WARN_UNUSED_VARIABLE = YES;
				IPHONEOS_DEPLOYMENT_TARGET = 18.2;
				LOCALIZATION_PREFERS_STRING_CATALOGS = YES;
				MTL_ENABLE_DEBUG_INFO = NO;
				MTL_FAST_MATH = YES;
				SDKROOT = iphoneos;
				SWIFT_COMPILATION_MODE = wholemodule;
				VALIDATE_PRODUCT = YES;
			};
			name = Release;
		};
/* End XCBuildConfiguration section */

/* Begin XCConfigurationList section */
		9361E5492D632EAE00A9312F /* Build configuration list for PBXProject "CleanArchitecture+MVVM" */ = {
			isa = XCConfigurationList;
			buildConfigurations = (
				9361E5642D632EB000A9312F /* Debug */,
				9361E5652D632EB000A9312F /* Release */,
			);
			defaultConfigurationIsVisible = 0;
			defaultConfigurationName = Release;
		};
		9361E5612D632EB000A9312F /* Build configuration list for PBXNativeTarget "CleanArchitecture+MVVM" */ = {
			isa = XCConfigurationList;
			buildConfigurations = (
				9361E5622D632EB000A9312F /* Debug */,
				9361E5632D632EB000A9312F /* Release */,
			);
			defaultConfigurationIsVisible = 0;
			defaultConfigurationName = Release;
		};
/* End XCConfigurationList section */

/* Begin XCVersionGroup section */
		930F893F2D64B1D2006187EE /* CoreDataStorage.xcdatamodeld */ = {
			isa = XCVersionGroup;
			children = (
				930F89402D64B1D2006187EE /* CoreDataStorage.xcdatamodel */,
			);
			currentVersion = 930F89402D64B1D2006187EE /* CoreDataStorage.xcdatamodel */;
			path = CoreDataStorage.xcdatamodeld;
			sourceTree = "<group>";
			versionGroupType = wrapper.xcdatamodel;
		};
/* End XCVersionGroup section */
	};
	rootObject = 9361E5462D632EAE00A9312F /* Project object */;
}
